// !$*UTF8*$!
{
	archiveVersion = 1;
	classes = {
	};
	objectVersion = 55;
	objects = {

/* Begin PBXBuildFile section */
		AB26C9442704408F000681A4 /* IOSNetworkingApp.swift in Sources */ = {isa = PBXBuildFile; fileRef = AB26C9432704408F000681A4 /* IOSNetworkingApp.swift */; };
		AB26C94827044090000681A4 /* Assets.xcassets in Resources */ = {isa = PBXBuildFile; fileRef = AB26C94727044090000681A4 /* Assets.xcassets */; };
		AB26C94B27044090000681A4 /* Preview Assets.xcassets in Resources */ = {isa = PBXBuildFile; fileRef = AB26C94A27044090000681A4 /* Preview Assets.xcassets */; };
		AB26C94D27044090000681A4 /* Persistence.swift in Sources */ = {isa = PBXBuildFile; fileRef = AB26C94C27044090000681A4 /* Persistence.swift */; };
		AB26C95027044090000681A4 /* IOSNetworking.xcdatamodeld in Sources */ = {isa = PBXBuildFile; fileRef = AB26C94E27044090000681A4 /* IOSNetworking.xcdatamodeld */; };
		AB26C95A27044090000681A4 /* IOSNetworkingTests.swift in Sources */ = {isa = PBXBuildFile; fileRef = AB26C95927044090000681A4 /* IOSNetworkingTests.swift */; };
		AB26C96427044090000681A4 /* IOSNetworkingUITests.swift in Sources */ = {isa = PBXBuildFile; fileRef = AB26C96327044090000681A4 /* IOSNetworkingUITests.swift */; };
		AB26C96627044090000681A4 /* IOSNetworkingUITestsLaunchTests.swift in Sources */ = {isa = PBXBuildFile; fileRef = AB26C96527044090000681A4 /* IOSNetworkingUITestsLaunchTests.swift */; };
		AB26C97427044121000681A4 /* Screen1.swift in Sources */ = {isa = PBXBuildFile; fileRef = AB26C97327044121000681A4 /* Screen1.swift */; };
		ABDA0E342704488D002B341D /* Alamofire in Frameworks */ = {isa = PBXBuildFile; productRef = ABDA0E332704488D002B341D /* Alamofire */; };
		ABDA0E372704803E002B341D /* AFHttp.swift in Sources */ = {isa = PBXBuildFile; fileRef = ABDA0E362704803E002B341D /* AFHttp.swift */; };
		ABDA0E3A2706CB94002B341D /* Post.swift in Sources */ = {isa = PBXBuildFile; fileRef = ABDA0E392706CB94002B341D /* Post.swift */; };
/* End PBXBuildFile section */

/* Begin PBXContainerItemProxy section */
		AB26C95627044090000681A4 /* PBXContainerItemProxy */ = {
			isa = PBXContainerItemProxy;
			containerPortal = AB26C9382704408F000681A4 /* Project object */;
			proxyType = 1;
			remoteGlobalIDString = AB26C93F2704408F000681A4;
			remoteInfo = IOSNetworking;
		};
		AB26C96027044090000681A4 /* PBXContainerItemProxy */ = {
			isa = PBXContainerItemProxy;
			containerPortal = AB26C9382704408F000681A4 /* Project object */;
			proxyType = 1;
			remoteGlobalIDString = AB26C93F2704408F000681A4;
			remoteInfo = IOSNetworking;
		};
/* End PBXContainerItemProxy section */

/* Begin PBXFileReference section */
		AB26C9402704408F000681A4 /* IOSNetworking.app */ = {isa = PBXFileReference; explicitFileType = wrapper.application; includeInIndex = 0; path = IOSNetworking.app; sourceTree = BUILT_PRODUCTS_DIR; };
		AB26C9432704408F000681A4 /* IOSNetworkingApp.swift */ = {isa = PBXFileReference; lastKnownFileType = sourcecode.swift; path = IOSNetworkingApp.swift; sourceTree = "<group>"; };
		AB26C94727044090000681A4 /* Assets.xcassets */ = {isa = PBXFileReference; lastKnownFileType = folder.assetcatalog; path = Assets.xcassets; sourceTree = "<group>"; };
		AB26C94A27044090000681A4 /* Preview Assets.xcassets */ = {isa = PBXFileReference; lastKnownFileType = folder.assetcatalog; path = "Preview Assets.xcassets"; sourceTree = "<group>"; };
		AB26C94C27044090000681A4 /* Persistence.swift */ = {isa = PBXFileReference; lastKnownFileType = sourcecode.swift; path = Persistence.swift; sourceTree = "<group>"; };
		AB26C94F27044090000681A4 /* IOSNetworking.xcdatamodel */ = {isa = PBXFileReference; lastKnownFileType = wrapper.xcdatamodel; path = IOSNetworking.xcdatamodel; sourceTree = "<group>"; };
		AB26C95527044090000681A4 /* IOSNetworkingTests.xctest */ = {isa = PBXFileReference; explicitFileType = wrapper.cfbundle; includeInIndex = 0; path = IOSNetworkingTests.xctest; sourceTree = BUILT_PRODUCTS_DIR; };
		AB26C95927044090000681A4 /* IOSNetworkingTests.swift */ = {isa = PBXFileReference; lastKnownFileType = sourcecode.swift; path = IOSNetworkingTests.swift; sourceTree = "<group>"; };
		AB26C95F27044090000681A4 /* IOSNetworkingUITests.xctest */ = {isa = PBXFileReference; explicitFileType = wrapper.cfbundle; includeInIndex = 0; path = IOSNetworkingUITests.xctest; sourceTree = BUILT_PRODUCTS_DIR; };
		AB26C96327044090000681A4 /* IOSNetworkingUITests.swift */ = {isa = PBXFileReference; lastKnownFileType = sourcecode.swift; path = IOSNetworkingUITests.swift; sourceTree = "<group>"; };
		AB26C96527044090000681A4 /* IOSNetworkingUITestsLaunchTests.swift */ = {isa = PBXFileReference; lastKnownFileType = sourcecode.swift; path = IOSNetworkingUITestsLaunchTests.swift; sourceTree = "<group>"; };
		AB26C97327044121000681A4 /* Screen1.swift */ = {isa = PBXFileReference; lastKnownFileType = sourcecode.swift; path = Screen1.swift; sourceTree = "<group>"; };
		AB26C975270443EA000681A4 /* Info.plist */ = {isa = PBXFileReference; lastKnownFileType = text.plist; path = Info.plist; sourceTree = "<group>"; };
		ABDA0E362704803E002B341D /* AFHttp.swift */ = {isa = PBXFileReference; lastKnownFileType = sourcecode.swift; path = AFHttp.swift; sourceTree = "<group>"; };
		ABDA0E392706CB94002B341D /* Post.swift */ = {isa = PBXFileReference; lastKnownFileType = sourcecode.swift; path = Post.swift; sourceTree = "<group>"; };
/* End PBXFileReference section */

/* Begin PBXFrameworksBuildPhase section */
		AB26C93D2704408F000681A4 /* Frameworks */ = {
			isa = PBXFrameworksBuildPhase;
			buildActionMask = 2147483647;
			files = (
				ABDA0E342704488D002B341D /* Alamofire in Frameworks */,
			);
			runOnlyForDeploymentPostprocessing = 0;
		};
		AB26C95227044090000681A4 /* Frameworks */ = {
			isa = PBXFrameworksBuildPhase;
			buildActionMask = 2147483647;
			files = (
			);
			runOnlyForDeploymentPostprocessing = 0;
		};
		AB26C95C27044090000681A4 /* Frameworks */ = {
			isa = PBXFrameworksBuildPhase;
			buildActionMask = 2147483647;
			files = (
			);
			runOnlyForDeploymentPostprocessing = 0;
		};
/* End PBXFrameworksBuildPhase section */

/* Begin PBXGroup section */
		AB26C9372704408F000681A4 = {
			isa = PBXGroup;
			children = (
				ABDA0E382706CB7D002B341D /* model */,
				ABDA0E3527048020002B341D /* Network */,
				AB26C9722704410F000681A4 /* Screens */,
				AB26C9422704408F000681A4 /* IOSNetworking */,
				AB26C95827044090000681A4 /* IOSNetworkingTests */,
				AB26C96227044090000681A4 /* IOSNetworkingUITests */,
				AB26C9412704408F000681A4 /* Products */,
			);
			sourceTree = "<group>";
		};
		AB26C9412704408F000681A4 /* Products */ = {
			isa = PBXGroup;
			children = (
				AB26C9402704408F000681A4 /* IOSNetworking.app */,
				AB26C95527044090000681A4 /* IOSNetworkingTests.xctest */,
				AB26C95F27044090000681A4 /* IOSNetworkingUITests.xctest */,
			);
			name = Products;
			sourceTree = "<group>";
		};
		AB26C9422704408F000681A4 /* IOSNetworking */ = {
			isa = PBXGroup;
			children = (
				AB26C975270443EA000681A4 /* Info.plist */,
				AB26C9432704408F000681A4 /* IOSNetworkingApp.swift */,
				AB26C94727044090000681A4 /* Assets.xcassets */,
				AB26C94C27044090000681A4 /* Persistence.swift */,
				AB26C94E27044090000681A4 /* IOSNetworking.xcdatamodeld */,
				AB26C94927044090000681A4 /* Preview Content */,
			);
			path = IOSNetworking;
			sourceTree = "<group>";
		};
		AB26C94927044090000681A4 /* Preview Content */ = {
			isa = PBXGroup;
			children = (
				AB26C94A27044090000681A4 /* Preview Assets.xcassets */,
			);
			path = "Preview Content";
			sourceTree = "<group>";
		};
		AB26C95827044090000681A4 /* IOSNetworkingTests */ = {
			isa = PBXGroup;
			children = (
				AB26C95927044090000681A4 /* IOSNetworkingTests.swift */,
			);
			path = IOSNetworkingTests;
			sourceTree = "<group>";
		};
		AB26C96227044090000681A4 /* IOSNetworkingUITests */ = {
			isa = PBXGroup;
			children = (
				AB26C96327044090000681A4 /* IOSNetworkingUITests.swift */,
				AB26C96527044090000681A4 /* IOSNetworkingUITestsLaunchTests.swift */,
			);
			path = IOSNetworkingUITests;
			sourceTree = "<group>";
		};
		AB26C9722704410F000681A4 /* Screens */ = {
			isa = PBXGroup;
			children = (
				AB26C97327044121000681A4 /* Screen1.swift */,
			);
			path = Screens;
			sourceTree = "<group>";
		};
		ABDA0E3527048020002B341D /* Network */ = {
			isa = PBXGroup;
			children = (
				ABDA0E362704803E002B341D /* AFHttp.swift */,
			);
			path = Network;
			sourceTree = "<group>";
		};
		ABDA0E382706CB7D002B341D /* model */ = {
			isa = PBXGroup;
			children = (
				ABDA0E392706CB94002B341D /* Post.swift */,
			);
			path = model;
			sourceTree = "<group>";
		};
/* End PBXGroup section */

/* Begin PBXNativeTarget section */
		AB26C93F2704408F000681A4 /* IOSNetworking */ = {
			isa = PBXNativeTarget;
			buildConfigurationList = AB26C96927044090000681A4 /* Build configuration list for PBXNativeTarget "IOSNetworking" */;
			buildPhases = (
				AB26C93C2704408F000681A4 /* Sources */,
				AB26C93D2704408F000681A4 /* Frameworks */,
				AB26C93E2704408F000681A4 /* Resources */,
			);
			buildRules = (
			);
			dependencies = (
			);
			name = IOSNetworking;
			packageProductDependencies = (
				ABDA0E332704488D002B341D /* Alamofire */,
			);
			productName = IOSNetworking;
			productReference = AB26C9402704408F000681A4 /* IOSNetworking.app */;
			productType = "com.apple.product-type.application";
		};
		AB26C95427044090000681A4 /* IOSNetworkingTests */ = {
			isa = PBXNativeTarget;
			buildConfigurationList = AB26C96C27044090000681A4 /* Build configuration list for PBXNativeTarget "IOSNetworkingTests" */;
			buildPhases = (
				AB26C95127044090000681A4 /* Sources */,
				AB26C95227044090000681A4 /* Frameworks */,
				AB26C95327044090000681A4 /* Resources */,
			);
			buildRules = (
			);
			dependencies = (
				AB26C95727044090000681A4 /* PBXTargetDependency */,
			);
			name = IOSNetworkingTests;
			productName = IOSNetworkingTests;
			productReference = AB26C95527044090000681A4 /* IOSNetworkingTests.xctest */;
			productType = "com.apple.product-type.bundle.unit-test";
		};
		AB26C95E27044090000681A4 /* IOSNetworkingUITests */ = {
			isa = PBXNativeTarget;
			buildConfigurationList = AB26C96F27044090000681A4 /* Build configuration list for PBXNativeTarget "IOSNetworkingUITests" */;
			buildPhases = (
				AB26C95B27044090000681A4 /* Sources */,
				AB26C95C27044090000681A4 /* Frameworks */,
				AB26C95D27044090000681A4 /* Resources */,
			);
			buildRules = (
			);
			dependencies = (
				AB26C96127044090000681A4 /* PBXTargetDependency */,
			);
			name = IOSNetworkingUITests;
			productName = IOSNetworkingUITests;
			productReference = AB26C95F27044090000681A4 /* IOSNetworkingUITests.xctest */;
			productType = "com.apple.product-type.bundle.ui-testing";
		};
/* End PBXNativeTarget section */

/* Begin PBXProject section */
		AB26C9382704408F000681A4 /* Project object */ = {
			isa = PBXProject;
			attributes = {
				BuildIndependentTargetsInParallel = 1;
				LastSwiftUpdateCheck = 1300;
				LastUpgradeCheck = 1300;
				TargetAttributes = {
					AB26C93F2704408F000681A4 = {
						CreatedOnToolsVersion = 13.0;
					};
					AB26C95427044090000681A4 = {
						CreatedOnToolsVersion = 13.0;
						TestTargetID = AB26C93F2704408F000681A4;
					};
					AB26C95E27044090000681A4 = {
						CreatedOnToolsVersion = 13.0;
						TestTargetID = AB26C93F2704408F000681A4;
					};
				};
			};
			buildConfigurationList = AB26C93B2704408F000681A4 /* Build configuration list for PBXProject "IOSNetworking" */;
			compatibilityVersion = "Xcode 13.0";
			developmentRegion = en;
			hasScannedForEncodings = 0;
			knownRegions = (
				en,
				Base,
			);
			mainGroup = AB26C9372704408F000681A4;
			packageReferences = (
				ABDA0E322704488D002B341D /* XCRemoteSwiftPackageReference "Alamofire" */,
			);
			productRefGroup = AB26C9412704408F000681A4 /* Products */;
			projectDirPath = "";
			projectRoot = "";
			targets = (
				AB26C93F2704408F000681A4 /* IOSNetworking */,
				AB26C95427044090000681A4 /* IOSNetworkingTests */,
				AB26C95E27044090000681A4 /* IOSNetworkingUITests */,
			);
		};
/* End PBXProject section */

/* Begin PBXResourcesBuildPhase section */
		AB26C93E2704408F000681A4 /* Resources */ = {
			isa = PBXResourcesBuildPhase;
			buildActionMask = 2147483647;
			files = (
				AB26C94B27044090000681A4 /* Preview Assets.xcassets in Resources */,
				AB26C94827044090000681A4 /* Assets.xcassets in Resources */,
			);
			runOnlyForDeploymentPostprocessing = 0;
		};
		AB26C95327044090000681A4 /* Resources */ = {
			isa = PBXResourcesBuildPhase;
			buildActionMask = 2147483647;
			files = (
			);
			runOnlyForDeploymentPostprocessing = 0;
		};
		AB26C95D27044090000681A4 /* Resources */ = {
			isa = PBXResourcesBuildPhase;
			buildActionMask = 2147483647;
			files = (
			);
			runOnlyForDeploymentPostprocessing = 0;
		};
/* End PBXResourcesBuildPhase section */

/* Begin PBXSourcesBuildPhase section */
		AB26C93C2704408F000681A4 /* Sources */ = {
			isa = PBXSourcesBuildPhase;
			buildActionMask = 2147483647;
			files = (
				ABDA0E372704803E002B341D /* AFHttp.swift in Sources */,
				AB26C94D27044090000681A4 /* Persistence.swift in Sources */,
				AB26C97427044121000681A4 /* Screen1.swift in Sources */,
				ABDA0E3A2706CB94002B341D /* Post.swift in Sources */,
				AB26C95027044090000681A4 /* IOSNetworking.xcdatamodeld in Sources */,
				AB26C9442704408F000681A4 /* IOSNetworkingApp.swift in Sources */,
			);
			runOnlyForDeploymentPostprocessing = 0;
		};
		AB26C95127044090000681A4 /* Sources */ = {
			isa = PBXSourcesBuildPhase;
			buildActionMask = 2147483647;
			files = (
				AB26C95A27044090000681A4 /* IOSNetworkingTests.swift in Sources */,
			);
			runOnlyForDeploymentPostprocessing = 0;
		};
		AB26C95B27044090000681A4 /* Sources */ = {
			isa = PBXSourcesBuildPhase;
			buildActionMask = 2147483647;
			files = (
				AB26C96627044090000681A4 /* IOSNetworkingUITestsLaunchTests.swift in Sources */,
				AB26C96427044090000681A4 /* IOSNetworkingUITests.swift in Sources */,
			);
			runOnlyForDeploymentPostprocessing = 0;
		};
/* End PBXSourcesBuildPhase section */

/* Begin PBXTargetDependency section */
		AB26C95727044090000681A4 /* PBXTargetDependency */ = {
			isa = PBXTargetDependency;
			target = AB26C93F2704408F000681A4 /* IOSNetworking */;
			targetProxy = AB26C95627044090000681A4 /* PBXContainerItemProxy */;
		};
		AB26C96127044090000681A4 /* PBXTargetDependency */ = {
			isa = PBXTargetDependency;
			target = AB26C93F2704408F000681A4 /* IOSNetworking */;
			targetProxy = AB26C96027044090000681A4 /* PBXContainerItemProxy */;
		};
/* End PBXTargetDependency section */

/* Begin XCBuildConfiguration section */
		AB26C96727044090000681A4 /* Debug */ = {
			isa = XCBuildConfiguration;
			buildSettings = {
				ALWAYS_SEARCH_USER_PATHS = NO;
				CLANG_ANALYZER_NONNULL = YES;
				CLANG_ANALYZER_NUMBER_OBJECT_CONVERSION = YES_AGGRESSIVE;
				CLANG_CXX_LANGUAGE_STANDARD = "gnu++17";
				CLANG_CXX_LIBRARY = "libc++";
				CLANG_ENABLE_MODULES = YES;
				CLANG_ENABLE_OBJC_ARC = YES;
				CLANG_ENABLE_OBJC_WEAK = YES;
				CLANG_WARN_BLOCK_CAPTURE_AUTORELEASING = YES;
				CLANG_WARN_BOOL_CONVERSION = YES;
				CLANG_WARN_COMMA = YES;
				CLANG_WARN_CONSTANT_CONVERSION = YES;
				CLANG_WARN_DEPRECATED_OBJC_IMPLEMENTATIONS = YES;
				CLANG_WARN_DIRECT_OBJC_ISA_USAGE = YES_ERROR;
				CLANG_WARN_DOCUMENTATION_COMMENTS = YES;
				CLANG_WARN_EMPTY_BODY = YES;
				CLANG_WARN_ENUM_CONVERSION = YES;
				CLANG_WARN_INFINITE_RECURSION = YES;
				CLANG_WARN_INT_CONVERSION = YES;
				CLANG_WARN_NON_LITERAL_NULL_CONVERSION = YES;
				CLANG_WARN_OBJC_IMPLICIT_RETAIN_SELF = YES;
				CLANG_WARN_OBJC_LITERAL_CONVERSION = YES;
				CLANG_WARN_OBJC_ROOT_CLASS = YES_ERROR;
				CLANG_WARN_QUOTED_INCLUDE_IN_FRAMEWORK_HEADER = YES;
				CLANG_WARN_RANGE_LOOP_ANALYSIS = YES;
				CLANG_WARN_STRICT_PROTOTYPES = YES;
				CLANG_WARN_SUSPICIOUS_MOVE = YES;
				CLANG_WARN_UNGUARDED_AVAILABILITY = YES_AGGRESSIVE;
				CLANG_WARN_UNREACHABLE_CODE = YES;
				CLANG_WARN__DUPLICATE_METHOD_MATCH = YES;
				COPY_PHASE_STRIP = NO;
				DEBUG_INFORMATION_FORMAT = dwarf;
				ENABLE_STRICT_OBJC_MSGSEND = YES;
				ENABLE_TESTABILITY = YES;
				GCC_C_LANGUAGE_STANDARD = gnu11;
				GCC_DYNAMIC_NO_PIC = NO;
				GCC_NO_COMMON_BLOCKS = YES;
				GCC_OPTIMIZATION_LEVEL = 0;
				GCC_PREPROCESSOR_DEFINITIONS = (
					"DEBUG=1",
					"$(inherited)",
				);
				GCC_WARN_64_TO_32_BIT_CONVERSION = YES;
				GCC_WARN_ABOUT_RETURN_TYPE = YES_ERROR;
				GCC_WARN_UNDECLARED_SELECTOR = YES;
				GCC_WARN_UNINITIALIZED_AUTOS = YES_AGGRESSIVE;
				GCC_WARN_UNUSED_FUNCTION = YES;
				GCC_WARN_UNUSED_VARIABLE = YES;
				IPHONEOS_DEPLOYMENT_TARGET = 15.0;
				MTL_ENABLE_DEBUG_INFO = INCLUDE_SOURCE;
				MTL_FAST_MATH = YES;
				ONLY_ACTIVE_ARCH = YES;
				SDKROOT = iphoneos;
				SWIFT_ACTIVE_COMPILATION_CONDITIONS = DEBUG;
				SWIFT_OPTIMIZATION_LEVEL = "-Onone";
			};
			name = Debug;
		};
		AB26C96827044090000681A4 /* Release */ = {
			isa = XCBuildConfiguration;
			buildSettings = {
				ALWAYS_SEARCH_USER_PATHS = NO;
				CLANG_ANALYZER_NONNULL = YES;
				CLANG_ANALYZER_NUMBER_OBJECT_CONVERSION = YES_AGGRESSIVE;
				CLANG_CXX_LANGUAGE_STANDARD = "gnu++17";
				CLANG_CXX_LIBRARY = "libc++";
				CLANG_ENABLE_MODULES = YES;
				CLANG_ENABLE_OBJC_ARC = YES;
				CLANG_ENABLE_OBJC_WEAK = YES;
				CLANG_WARN_BLOCK_CAPTURE_AUTORELEASING = YES;
				CLANG_WARN_BOOL_CONVERSION = YES;
				CLANG_WARN_COMMA = YES;
				CLANG_WARN_CONSTANT_CONVERSION = YES;
				CLANG_WARN_DEPRECATED_OBJC_IMPLEMENTATIONS = YES;
				CLANG_WARN_DIRECT_OBJC_ISA_USAGE = YES_ERROR;
				CLANG_WARN_DOCUMENTATION_COMMENTS = YES;
				CLANG_WARN_EMPTY_BODY = YES;
				CLANG_WARN_ENUM_CONVERSION = YES;
				CLANG_WARN_INFINITE_RECURSION = YES;
				CLANG_WARN_INT_CONVERSION = YES;
				CLANG_WARN_NON_LITERAL_NULL_CONVERSION = YES;
				CLANG_WARN_OBJC_IMPLICIT_RETAIN_SELF = YES;
				CLANG_WARN_OBJC_LITERAL_CONVERSION = YES;
				CLANG_WARN_OBJC_ROOT_CLASS = YES_ERROR;
				CLANG_WARN_QUOTED_INCLUDE_IN_FRAMEWORK_HEADER = YES;
				CLANG_WARN_RANGE_LOOP_ANALYSIS = YES;
				CLANG_WARN_STRICT_PROTOTYPES = YES;
				CLANG_WARN_SUSPICIOUS_MOVE = YES;
				CLANG_WARN_UNGUARDED_AVAILABILITY = YES_AGGRESSIVE;
				CLANG_WARN_UNREACHABLE_CODE = YES;
				CLANG_WARN__DUPLICATE_METHOD_MATCH = YES;
				COPY_PHASE_STRIP = NO;
				DEBUG_INFORMATION_FORMAT = "dwarf-with-dsym";
				ENABLE_NS_ASSERTIONS = NO;
				ENABLE_STRICT_OBJC_MSGSEND = YES;
				GCC_C_LANGUAGE_STANDARD = gnu11;
				GCC_NO_COMMON_BLOCKS = YES;
				GCC_WARN_64_TO_32_BIT_CONVERSION = YES;
				GCC_WARN_ABOUT_RETURN_TYPE = YES_ERROR;
				GCC_WARN_UNDECLARED_SELECTOR = YES;
				GCC_WARN_UNINITIALIZED_AUTOS = YES_AGGRESSIVE;
				GCC_WARN_UNUSED_FUNCTION = YES;
				GCC_WARN_UNUSED_VARIABLE = YES;
				IPHONEOS_DEPLOYMENT_TARGET = 15.0;
				MTL_ENABLE_DEBUG_INFO = NO;
				MTL_FAST_MATH = YES;
				SDKROOT = iphoneos;
				SWIFT_COMPILATION_MODE = wholemodule;
				SWIFT_OPTIMIZATION_LEVEL = "-O";
				VALIDATE_PRODUCT = YES;
			};
			name = Release;
		};
		AB26C96A27044090000681A4 /* Debug */ = {
			isa = XCBuildConfiguration;
			buildSettings = {
				ASSETCATALOG_COMPILER_APPICON_NAME = AppIcon;
				ASSETCATALOG_COMPILER_GLOBAL_ACCENT_COLOR_NAME = AccentColor;
				CODE_SIGN_STYLE = Automatic;
				CURRENT_PROJECT_VERSION = 1;
				DEVELOPMENT_ASSET_PATHS = "\"IOSNetworking/Preview Content\"";
				ENABLE_PREVIEWS = YES;
				GENERATE_INFOPLIST_FILE = YES;
				INFOPLIST_FILE = IOSNetworking/Info.plist;
				INFOPLIST_KEY_UIApplicationSceneManifest_Generation = YES;
				INFOPLIST_KEY_UIApplicationSupportsIndirectInputEvents = YES;
				INFOPLIST_KEY_UILaunchScreen_Generation = YES;
				INFOPLIST_KEY_UISupportedInterfaceOrientations_iPad = "UIInterfaceOrientationPortrait UIInterfaceOrientationPortraitUpsideDown UIInterfaceOrientationLandscapeLeft UIInterfaceOrientationLandscapeRight";
				INFOPLIST_KEY_UISupportedInterfaceOrientations_iPhone = "UIInterfaceOrientationPortrait UIInterfaceOrientationLandscapeLeft UIInterfaceOrientationLandscapeRight";
				IPHONEOS_DEPLOYMENT_TARGET = 14.0;
				LD_RUNPATH_SEARCH_PATHS = (
					"$(inherited)",
					"@executable_path/Frameworks",
				);
				MARKETING_VERSION = 1.0;
				PRODUCT_BUNDLE_IDENTIFIER = www.IOSNetworking;
				PRODUCT_NAME = "$(TARGET_NAME)";
				SWIFT_EMIT_LOC_STRINGS = YES;
				SWIFT_VERSION = 5.0;
				TARGETED_DEVICE_FAMILY = "1,2";
			};
			name = Debug;
		};
		AB26C96B27044090000681A4 /* Release */ = {
			isa = XCBuildConfiguration;
			buildSettings = {
				ASSETCATALOG_COMPILER_APPICON_NAME = AppIcon;
				ASSETCATALOG_COMPILER_GLOBAL_ACCENT_COLOR_NAME = AccentColor;
				CODE_SIGN_STYLE = Automatic;
				CURRENT_PROJECT_VERSION = 1;
				DEVELOPMENT_ASSET_PATHS = "\"IOSNetworking/Preview Content\"";
				ENABLE_PREVIEWS = YES;
				GENERATE_INFOPLIST_FILE = YES;
				INFOPLIST_FILE = IOSNetworking/Info.plist;
				INFOPLIST_KEY_UIApplicationSceneManifest_Generation = YES;
				INFOPLIST_KEY_UIApplicationSupportsIndirectInputEvents = YES;
				INFOPLIST_KEY_UILaunchScreen_Generation = YES;
				INFOPLIST_KEY_UISupportedInterfaceOrientations_iPad = "UIInterfaceOrientationPortrait UIInterfaceOrientationPortraitUpsideDown UIInterfaceOrientationLandscapeLeft UIInterfaceOrientationLandscapeRight";
				INFOPLIST_KEY_UISupportedInterfaceOrientations_iPhone = "UIInterfaceOrientationPortrait UIInterfaceOrientationLandscapeLeft UIInterfaceOrientationLandscapeRight";
				IPHONEOS_DEPLOYMENT_TARGET = 14.0;
				LD_RUNPATH_SEARCH_PATHS = (
					"$(inherited)",
					"@executable_path/Frameworks",
				);
				MARKETING_VERSION = 1.0;
				PRODUCT_BUNDLE_IDENTIFIER = www.IOSNetworking;
				PRODUCT_NAME = "$(TARGET_NAME)";
				SWIFT_EMIT_LOC_STRINGS = YES;
				SWIFT_VERSION = 5.0;
				TARGETED_DEVICE_FAMILY = "1,2";
			};
			name = Release;
		};
		AB26C96D27044090000681A4 /* Debug */ = {
			isa = XCBuildConfiguration;
			buildSettings = {
				ALWAYS_EMBED_SWIFT_STANDARD_LIBRARIES = YES;
				BUNDLE_LOADER = "$(TEST_HOST)";
				CODE_SIGN_STYLE = Automatic;
				CURRENT_PROJECT_VERSION = 1;
				GENERATE_INFOPLIST_FILE = YES;
				IPHONEOS_DEPLOYMENT_TARGET = 14.0;
				LD_RUNPATH_SEARCH_PATHS = (
					"$(inherited)",
					"@executable_path/Frameworks",
					"@loader_path/Frameworks",
				);
				MARKETING_VERSION = 1.0;
				PRODUCT_BUNDLE_IDENTIFIER = www.IOSNetworkingTests;
				PRODUCT_NAME = "$(TARGET_NAME)";
				SWIFT_EMIT_LOC_STRINGS = NO;
				SWIFT_VERSION = 5.0;
				TARGETED_DEVICE_FAMILY = "1,2";
				TEST_HOST = "$(BUILT_PRODUCTS_DIR)/IOSNetworking.app/IOSNetworking";
			};
			name = Debug;
		};
		AB26C96E27044090000681A4 /* Release */ = {
			isa = XCBuildConfiguration;
			buildSettings = {
				ALWAYS_EMBED_SWIFT_STANDARD_LIBRARIES = YES;
				BUNDLE_LOADER = "$(TEST_HOST)";
				CODE_SIGN_STYLE = Automatic;
				CURRENT_PROJECT_VERSION = 1;
				GENERATE_INFOPLIST_FILE = YES;
				IPHONEOS_DEPLOYMENT_TARGET = 14.0;
				LD_RUNPATH_SEARCH_PATHS = (
					"$(inherited)",
					"@executable_path/Frameworks",
					"@loader_path/Frameworks",
				);
				MARKETING_VERSION = 1.0;
				PRODUCT_BUNDLE_IDENTIFIER = www.IOSNetworkingTests;
				PRODUCT_NAME = "$(TARGET_NAME)";
				SWIFT_EMIT_LOC_STRINGS = NO;
				SWIFT_VERSION = 5.0;
				TARGETED_DEVICE_FAMILY = "1,2";
				TEST_HOST = "$(BUILT_PRODUCTS_DIR)/IOSNetworking.app/IOSNetworking";
			};
			name = Release;
		};
		AB26C97027044090000681A4 /* Debug */ = {
			isa = XCBuildConfiguration;
			buildSettings = {
				ALWAYS_EMBED_SWIFT_STANDARD_LIBRARIES = YES;
				CODE_SIGN_STYLE = Automatic;
				CURRENT_PROJECT_VERSION = 1;
				GENERATE_INFOPLIST_FILE = YES;
				LD_RUNPATH_SEARCH_PATHS = (
					"$(inherited)",
					"@executable_path/Frameworks",
					"@loader_path/Frameworks",
				);
				MARKETING_VERSION = 1.0;
				PRODUCT_BUNDLE_IDENTIFIER = www.IOSNetworkingUITests;
				PRODUCT_NAME = "$(TARGET_NAME)";
				SWIFT_EMIT_LOC_STRINGS = NO;
				SWIFT_VERSION = 5.0;
				TARGETED_DEVICE_FAMILY = "1,2";
				TEST_TARGET_NAME = IOSNetworking;
			};
			name = Debug;
		};
		AB26C97127044090000681A4 /* Release */ = {
			isa = XCBuildConfiguration;
			buildSettings = {
				ALWAYS_EMBED_SWIFT_STANDARD_LIBRARIES = YES;
				CODE_SIGN_STYLE = Automatic;
				CURRENT_PROJECT_VERSION = 1;
				GENERATE_INFOPLIST_FILE = YES;
				LD_RUNPATH_SEARCH_PATHS = (
					"$(inherited)",
					"@executable_path/Frameworks",
					"@loader_path/Frameworks",
				);
				MARKETING_VERSION = 1.0;
				PRODUCT_BUNDLE_IDENTIFIER = www.IOSNetworkingUITests;
				PRODUCT_NAME = "$(TARGET_NAME)";
				SWIFT_EMIT_LOC_STRINGS = NO;
				SWIFT_VERSION = 5.0;
				TARGETED_DEVICE_FAMILY = "1,2";
				TEST_TARGET_NAME = IOSNetworking;
			};
			name = Release;
		};
/* End XCBuildConfiguration section */

/* Begin XCConfigurationList section */
		AB26C93B2704408F000681A4 /* Build configuration list for PBXProject "IOSNetworking" */ = {
			isa = XCConfigurationList;
			buildConfigurations = (
				AB26C96727044090000681A4 /* Debug */,
				AB26C96827044090000681A4 /* Release */,
			);
			defaultConfigurationIsVisible = 0;
			defaultConfigurationName = Release;
		};
		AB26C96927044090000681A4 /* Build configuration list for PBXNativeTarget "IOSNetworking" */ = {
			isa = XCConfigurationList;
			buildConfigurations = (
				AB26C96A27044090000681A4 /* Debug */,
				AB26C96B27044090000681A4 /* Release */,
			);
			defaultConfigurationIsVisible = 0;
			defaultConfigurationName = Release;
		};
		AB26C96C27044090000681A4 /* Build configuration list for PBXNativeTarget "IOSNetworkingTests" */ = {
			isa = XCConfigurationList;
			buildConfigurations = (
				AB26C96D27044090000681A4 /* Debug */,
				AB26C96E27044090000681A4 /* Release */,
			);
			defaultConfigurationIsVisible = 0;
			defaultConfigurationName = Release;
		};
		AB26C96F27044090000681A4 /* Build configuration list for PBXNativeTarget "IOSNetworkingUITests" */ = {
			isa = XCConfigurationList;
			buildConfigurations = (
				AB26C97027044090000681A4 /* Debug */,
				AB26C97127044090000681A4 /* Release */,
			);
			defaultConfigurationIsVisible = 0;
			defaultConfigurationName = Release;
		};
/* End XCConfigurationList section */

/* Begin XCRemoteSwiftPackageReference section */
		ABDA0E322704488D002B341D /* XCRemoteSwiftPackageReference "Alamofire" */ = {
			isa = XCRemoteSwiftPackageReference;
			repositoryURL = "https://github.com/Alamofire/Alamofire.git";
			requirement = {
				kind = upToNextMajorVersion;
				minimumVersion = 5.0.0;
			};
		};
/* End XCRemoteSwiftPackageReference section */

/* Begin XCSwiftPackageProductDependency section */
		ABDA0E332704488D002B341D /* Alamofire */ = {
			isa = XCSwiftPackageProductDependency;
			package = ABDA0E322704488D002B341D /* XCRemoteSwiftPackageReference "Alamofire" */;
			productName = Alamofire;
		};
/* End XCSwiftPackageProductDependency section */

/* Begin XCVersionGroup section */
		AB26C94E27044090000681A4 /* IOSNetworking.xcdatamodeld */ = {
			isa = XCVersionGroup;
			children = (
				AB26C94F27044090000681A4 /* IOSNetworking.xcdatamodel */,
			);
			currentVersion = AB26C94F27044090000681A4 /* IOSNetworking.xcdatamodel */;
			path = IOSNetworking.xcdatamodeld;
			sourceTree = "<group>";
			versionGroupType = wrapper.xcdatamodel;
		};
/* End XCVersionGroup section */
	};
	rootObject = AB26C9382704408F000681A4 /* Project object */;
}
